
Microsoft Visual Studio Solution File, Format Version 12.00
# Visual Studio Version 17
VisualStudioVersion = 17.3.32825.248
MinimumVisualStudioVersion = 10.0.40219.1
Project("{FAE04EC0-301F-11D3-BF4B-00C04F79EFBC}") = "MedicalCenter", "MedicalCenter\MedicalCenter.csproj", "{0E96D918-80EF-42B6-8446-B08532F582C5}"
EndProject
Global
	GlobalSection(SolutionConfigurationPlatforms) = preSolution
		Debug|Any CPU = Debug|Any CPU
		Release|Any CPU = Release|Any CPU
	EndGlobalSection
	GlobalSection(ProjectConfigurationPlatforms) = postSolution
		{0E96D918-80EF-42B6-8446-B08532F582C5}.Debug|Any CPU.ActiveCfg = Debug|Any CPU
		{0E96D918-80EF-42B6-8446-B08532F582C5}.Debug|Any CPU.Build.0 = Debug|Any CPU
		{0E96D918-80EF-42B6-8446-B08532F582C5}.Release|Any CPU.ActiveCfg = Release|Any CPU
		{0E96D918-80EF-42B6-8446-B08532F582C5}.Release|Any CPU.Build.0 = Release|Any CPU
	EndGlobalSection
	GlobalSection(SolutionProperties) = preSolution
		HideSolutionNode = FALSE
	EndGlobalSection
	GlobalSection(ExtensibilityGlobals) = postSolution
		SolutionGuid = {013943A1-A67B-4E76-A0AC-C94DC92A9EE7}
	EndGlobalSection
EndGlobal
